
Microsoft Visual Studio Solution File, Format Version 12.00
# Visual Studio Version 16
VisualStudioVersion = 16.0.31105.61
MinimumVisualStudioVersion = 10.0.40219.1
Project("{FAE04EC0-301F-11D3-BF4B-00C04F79EFBC}") = "WebApplication3", "WebApplication3\WebApplication3.csproj", "{50E3A51E-3B1F-44AC-A7F2-E7FD77F0E878}"
EndProject
Global
	GlobalSection(SolutionConfigurationPlatforms) = preSolution
		Debug|Any CPU = Debug|Any CPU
		Release|Any CPU = Release|Any CPU
	EndGlobalSection
	GlobalSection(ProjectConfigurationPlatforms) = postSolution
		{50E3A51E-3B1F-44AC-A7F2-E7FD77F0E878}.Debug|Any CPU.ActiveCfg = Debug|Any CPU
		{50E3A51E-3B1F-44AC-A7F2-E7FD77F0E878}.Debug|Any CPU.Build.0 = Debug|Any CPU
		{50E3A51E-3B1F-44AC-A7F2-E7FD77F0E878}.Release|Any CPU.ActiveCfg = Release|Any CPU
		{50E3A51E-3B1F-44AC-A7F2-E7FD77F0E878}.Release|Any CPU.Build.0 = Release|Any CPU
	EndGlobalSection
	GlobalSection(SolutionProperties) = preSolution
		HideSolutionNode = FALSE
	EndGlobalSection
	GlobalSection(ExtensibilityGlobals) = postSolution
		SolutionGuid = {115CBC62-842C-4772-BCF1-C6FA91F3E173}
	EndGlobalSection
EndGlobal
